
Microsoft Visual Studio Solution File, Format Version 12.00
# Visual Studio Version 17
VisualStudioVersion = 17.4.33403.182
MinimumVisualStudioVersion = 10.0.40219.1
Project("{FAE04EC0-301F-11D3-BF4B-00C04F79EFBC}") = "portfolioGamaliel", "portfolioGamaliel\portfolioGamaliel.csproj", "{E8E4BCAC-13A2-4E34-957E-06561902C65B}"
EndProject
Global
	GlobalSection(SolutionConfigurationPlatforms) = preSolution
		Debug|Any CPU = Debug|Any CPU
		Release|Any CPU = Release|Any CPU
	EndGlobalSection
	GlobalSection(ProjectConfigurationPlatforms) = postSolution
		{E8E4BCAC-13A2-4E34-957E-06561902C65B}.Debug|Any CPU.ActiveCfg = Debug|Any CPU
		{E8E4BCAC-13A2-4E34-957E-06561902C65B}.Debug|Any CPU.Build.0 = Debug|Any CPU
		{E8E4BCAC-13A2-4E34-957E-06561902C65B}.Release|Any CPU.ActiveCfg = Release|Any CPU
		{E8E4BCAC-13A2-4E34-957E-06561902C65B}.Release|Any CPU.Build.0 = Release|Any CPU
	EndGlobalSection
	GlobalSection(SolutionProperties) = preSolution
		HideSolutionNode = FALSE
	EndGlobalSection
	GlobalSection(ExtensibilityGlobals) = postSolution
		SolutionGuid = {F8587223-C667-47B8-AEC9-CB95058F9323}
	EndGlobalSection
EndGlobal
